
Microsoft Visual Studio Solution File, Format Version 12.00
# Visual Studio Version 16
VisualStudioVersion = 16.0.30804.86
MinimumVisualStudioVersion = 10.0.40219.1
Project("{FAE04EC0-301F-11D3-BF4B-00C04F79EFBC}") = "DATools", "DATools\DATools.csproj", "{55BE4261-4989-41B0-B777-2CE8B9FC2A5A}"
EndProject
Global
	GlobalSection(SolutionConfigurationPlatforms) = preSolution
		Debug|Any CPU = Debug|Any CPU
		Release|Any CPU = Release|Any CPU
	EndGlobalSection
	GlobalSection(ProjectConfigurationPlatforms) = postSolution
		{55BE4261-4989-41B0-B777-2CE8B9FC2A5A}.Debug|Any CPU.ActiveCfg = Debug|Any CPU
		{55BE4261-4989-41B0-B777-2CE8B9FC2A5A}.Debug|Any CPU.Build.0 = Debug|Any CPU
		{55BE4261-4989-41B0-B777-2CE8B9FC2A5A}.Release|Any CPU.ActiveCfg = Release|Any CPU
		{55BE4261-4989-41B0-B777-2CE8B9FC2A5A}.Release|Any CPU.Build.0 = Release|Any CPU
	EndGlobalSection
	GlobalSection(SolutionProperties) = preSolution
		HideSolutionNode = FALSE
	EndGlobalSection
	GlobalSection(ExtensibilityGlobals) = postSolution
		SolutionGuid = {70C83716-C852-470C-A963-1C4857E7B62B}
	EndGlobalSection
EndGlobal
